Microsoft Visual Studio Solution File, Format Version 12.00
# Visual Studio Version 17
VisualStudioVersion = 17.5.2.0
MinimumVisualStudioVersion = 10.0.40219.1
Project("{FAE04EC0-301F-11D3-BF4B-00C04F79EFBC}") = "MapPin.Web", "MapPin.Web.csproj", "{60C8085F-1075-EDB0-421C-C7AB7584C610}"
EndProject
Global
	GlobalSection(SolutionConfigurationPlatforms) = preSolution
		Debug|Any CPU = Debug|Any CPU
		Release|Any CPU = Release|Any CPU
	EndGlobalSection
	GlobalSection(ProjectConfigurationPlatforms) = postSolution
		{60C8085F-1075-EDB0-421C-C7AB7584C610}.Debug|Any CPU.ActiveCfg = Debug|Any CPU
		{60C8085F-1075-EDB0-421C-C7AB7584C610}.Debug|Any CPU.Build.0 = Debug|Any CPU
		{60C8085F-1075-EDB0-421C-C7AB7584C610}.Release|Any CPU.ActiveCfg = Release|Any CPU
		{60C8085F-1075-EDB0-421C-C7AB7584C610}.Release|Any CPU.Build.0 = Release|Any CPU
	EndGlobalSection
	GlobalSection(SolutionProperties) = preSolution
		HideSolutionNode = FALSE
	EndGlobalSection
	GlobalSection(ExtensibilityGlobals) = postSolution
		SolutionGuid = {CD56091F-A9B6-446D-844D-06EA51F8195A}
	EndGlobalSection
EndGlobal
